
Microsoft Visual Studio Solution File, Format Version 12.00
# Visual Studio 15
VisualStudioVersion = 15.0.27130.2010
MinimumVisualStudioVersion = 10.0.40219.1
Project("{FAE04EC0-301F-11D3-BF4B-00C04F79EFBC}") = "MillitextEncoder", "MillitextEncoder\MillitextEncoder.csproj", "{94677BFE-F7EC-4F70-B2C1-11E663339020}"
EndProject
Global
	GlobalSection(SolutionConfigurationPlatforms) = preSolution
		Debug|Any CPU = Debug|Any CPU
		Release|Any CPU = Release|Any CPU
	EndGlobalSection
	GlobalSection(ProjectConfigurationPlatforms) = postSolution
		{94677BFE-F7EC-4F70-B2C1-11E663339020}.Debug|Any CPU.ActiveCfg = Debug|Any CPU
		{94677BFE-F7EC-4F70-B2C1-11E663339020}.Debug|Any CPU.Build.0 = Debug|Any CPU
		{94677BFE-F7EC-4F70-B2C1-11E663339020}.Release|Any CPU.ActiveCfg = Release|Any CPU
		{94677BFE-F7EC-4F70-B2C1-11E663339020}.Release|Any CPU.Build.0 = Release|Any CPU
	EndGlobalSection
	GlobalSection(SolutionProperties) = preSolution
		HideSolutionNode = FALSE
	EndGlobalSection
	GlobalSection(ExtensibilityGlobals) = postSolution
		SolutionGuid = {FFC33CA3-8B00-4F0E-BBAA-C2CBC05D5342}
	EndGlobalSection
EndGlobal
